
Microsoft Visual Studio Solution File, Format Version 12.00
# Visual Studio Version 16
VisualStudioVersion = 16.0.30114.105
MinimumVisualStudioVersion = 10.0.40219.1
Project("{2150E333-8FDC-42A3-9474-1A3956D46DE8}") = "src", "src", "{2C3B1B60-8772-4E46-96E0-93A2389C4298}"
EndProject
Project("{FAE04EC0-301F-11D3-BF4B-00C04F79EFBC}") = "PasswordValidation", "src\PasswordValidation\PasswordValidation.csproj", "{CD05835C-AB02-4051-83FB-219A1706A741}"
EndProject
Project("{2150E333-8FDC-42A3-9474-1A3956D46DE8}") = "test", "test", "{C2A6AAD4-F2FD-4D8B-8E05-ABC3999391BA}"
EndProject
Project("{FAE04EC0-301F-11D3-BF4B-00C04F79EFBC}") = "PasswordValidationTest", "test\PasswordValidationTest\PasswordValidationTest.csproj", "{94703C0D-91FD-4963-A568-087DFE0E9144}"
EndProject
Global
	GlobalSection(SolutionConfigurationPlatforms) = preSolution
		Debug|Any CPU = Debug|Any CPU
		Release|Any CPU = Release|Any CPU
	EndGlobalSection
	GlobalSection(SolutionProperties) = preSolution
		HideSolutionNode = FALSE
	EndGlobalSection
	GlobalSection(ProjectConfigurationPlatforms) = postSolution
		{CD05835C-AB02-4051-83FB-219A1706A741}.Debug|Any CPU.ActiveCfg = Debug|Any CPU
		{CD05835C-AB02-4051-83FB-219A1706A741}.Debug|Any CPU.Build.0 = Debug|Any CPU
		{CD05835C-AB02-4051-83FB-219A1706A741}.Release|Any CPU.ActiveCfg = Release|Any CPU
		{CD05835C-AB02-4051-83FB-219A1706A741}.Release|Any CPU.Build.0 = Release|Any CPU
		{94703C0D-91FD-4963-A568-087DFE0E9144}.Debug|Any CPU.ActiveCfg = Debug|Any CPU
		{94703C0D-91FD-4963-A568-087DFE0E9144}.Debug|Any CPU.Build.0 = Debug|Any CPU
		{94703C0D-91FD-4963-A568-087DFE0E9144}.Release|Any CPU.ActiveCfg = Release|Any CPU
		{94703C0D-91FD-4963-A568-087DFE0E9144}.Release|Any CPU.Build.0 = Release|Any CPU
	EndGlobalSection
	GlobalSection(NestedProjects) = preSolution
		{CD05835C-AB02-4051-83FB-219A1706A741} = {2C3B1B60-8772-4E46-96E0-93A2389C4298}
		{94703C0D-91FD-4963-A568-087DFE0E9144} = {C2A6AAD4-F2FD-4D8B-8E05-ABC3999391BA}
	EndGlobalSection
EndGlobal
